
Microsoft Visual Studio Solution File, Format Version 12.00
# Visual Studio Version 17
VisualStudioVersion = 17.13.35825.156 d17.13
MinimumVisualStudioVersion = 10.0.40219.1
Project("{FAE04EC0-301F-11D3-BF4B-00C04F79EFBC}") = "SkybetAccBot", "SkybetAccBot\SkybetAccBot.csproj", "{666B6317-E5B0-4F74-BA3A-DCBB9AFF6CAF}"
EndProject
Global
	GlobalSection(SolutionConfigurationPlatforms) = preSolution
		Debug|Any CPU = Debug|Any CPU
		Release|Any CPU = Release|Any CPU
	EndGlobalSection
	GlobalSection(ProjectConfigurationPlatforms) = postSolution
		{666B6317-E5B0-4F74-BA3A-DCBB9AFF6CAF}.Debug|Any CPU.ActiveCfg = Debug|Any CPU
		{666B6317-E5B0-4F74-BA3A-DCBB9AFF6CAF}.Debug|Any CPU.Build.0 = Debug|Any CPU
		{666B6317-E5B0-4F74-BA3A-DCBB9AFF6CAF}.Release|Any CPU.ActiveCfg = Release|Any CPU
		{666B6317-E5B0-4F74-BA3A-DCBB9AFF6CAF}.Release|Any CPU.Build.0 = Release|Any CPU
	EndGlobalSection
	GlobalSection(SolutionProperties) = preSolution
		HideSolutionNode = FALSE
	EndGlobalSection
	GlobalSection(ExtensibilityGlobals) = postSolution
		SolutionGuid = {7F248922-84C6-454A-9259-641529AFD83F}
	EndGlobalSection
EndGlobal
